
Microsoft Visual Studio Solution File, Format Version 12.00
# Visual Studio Version 16
VisualStudioVersion = 16.0.31424.327
MinimumVisualStudioVersion = 10.0.40219.1
Project("{FAE04EC0-301F-11D3-BF4B-00C04F79EFBC}") = "Lab1", "Lab1\Lab1.csproj", "{EDB1C63E-6E23-4950-A2C5-ECA60A0B8D18}"
EndProject
Global
	GlobalSection(SolutionConfigurationPlatforms) = preSolution
		Debug|Any CPU = Debug|Any CPU
		Release|Any CPU = Release|Any CPU
	EndGlobalSection
	GlobalSection(ProjectConfigurationPlatforms) = postSolution
		{EDB1C63E-6E23-4950-A2C5-ECA60A0B8D18}.Debug|Any CPU.ActiveCfg = Debug|Any CPU
		{EDB1C63E-6E23-4950-A2C5-ECA60A0B8D18}.Debug|Any CPU.Build.0 = Debug|Any CPU
		{EDB1C63E-6E23-4950-A2C5-ECA60A0B8D18}.Release|Any CPU.ActiveCfg = Release|Any CPU
		{EDB1C63E-6E23-4950-A2C5-ECA60A0B8D18}.Release|Any CPU.Build.0 = Release|Any CPU
	EndGlobalSection
	GlobalSection(SolutionProperties) = preSolution
		HideSolutionNode = FALSE
	EndGlobalSection
	GlobalSection(ExtensibilityGlobals) = postSolution
		SolutionGuid = {BC95EEE7-E6AC-4D2B-BFE3-60A67D29927A}
	EndGlobalSection
EndGlobal
